{
  "nodes": {
    "nixpkgs": {
      "locked": {
        "lastModified": 1757194263,
        "narHash": "sha256-DOKg7YoIESqHw+PXVwHIYobHWLtm76WoO/ZmQV5Zh+c=",
        "owner": "nixos",
        "repo": "nixpkgs",
        "rev": "2147f5b77b358fa7a8846b45773a127828314098",
        "type": "github"
      },
      "original": {
        "owner": "nixos",
        "repo": "nixpkgs",
        "type": "github"
      }
    },
    "root": {
      "inputs": {
        "nixpkgs": "nixpkgs"
      }
    }
  },
  "root": "root",
  "version": 7
}
