{
  "nodes": {
    "nixpkgs": {
      "locked": {
        "lastModified": 1746822278,
        "narHash": "sha256-Fg+AS/O8X9OiNkHXkt84W5LzwkL6oYXiir/WA9FXt7U=",
        "owner": "nixos",
        "repo": "nixpkgs",
        "rev": "a9f1d3fe7c120470b081d8b6adceba171b085f65",
        "type": "github"
      },
      "original": {
        "owner": "nixos",
        "repo": "nixpkgs",
        "type": "github"
      }
    },
    "root": {
      "inputs": {
        "nixpkgs": "nixpkgs"
      }
    }
  },
  "root": "root",
  "version": 7
}
