{
  "nodes": {
    "nixpkgs": {
      "locked": {
        "lastModified": 1764518294,
        "narHash": "sha256-K22SF7ImhIkQ22a+g0Au4p8ZbKBeaOdqEXvZSsNmmUk=",
        "owner": "nixos",
        "repo": "nixpkgs",
        "rev": "86b20aa75978e15daa4fecceb27721752e187df3",
        "type": "github"
      },
      "original": {
        "owner": "nixos",
        "repo": "nixpkgs",
        "type": "github"
      }
    },
    "root": {
      "inputs": {
        "nixpkgs": "nixpkgs"
      }
    }
  },
  "root": "root",
  "version": 7
}
